
Microsoft Visual Studio Solution File, Format Version 12.00
# Visual Studio Version 17
VisualStudioVersion = 17.11.35208.52
MinimumVisualStudioVersion = 10.0.40219.1
Project("{FAE04EC0-301F-11D3-BF4B-00C04F79EFBC}") = "Task-Day3", "Task-Day3.csproj", "{EC8E46AF-6E51-401A-AC41-0C1B7442908C}"
EndProject
Global
	GlobalSection(SolutionConfigurationPlatforms) = preSolution
		Debug|Any CPU = Debug|Any CPU
		Release|Any CPU = Release|Any CPU
	EndGlobalSection
	GlobalSection(ProjectConfigurationPlatforms) = postSolution
		{EC8E46AF-6E51-401A-AC41-0C1B7442908C}.Debug|Any CPU.ActiveCfg = Debug|Any CPU
		{EC8E46AF-6E51-401A-AC41-0C1B7442908C}.Debug|Any CPU.Build.0 = Debug|Any CPU
		{EC8E46AF-6E51-401A-AC41-0C1B7442908C}.Release|Any CPU.ActiveCfg = Release|Any CPU
		{EC8E46AF-6E51-401A-AC41-0C1B7442908C}.Release|Any CPU.Build.0 = Release|Any CPU
	EndGlobalSection
	GlobalSection(SolutionProperties) = preSolution
		HideSolutionNode = FALSE
	EndGlobalSection
	GlobalSection(ExtensibilityGlobals) = postSolution
		SolutionGuid = {E492373E-E876-4121-8627-009868EC0063}
	EndGlobalSection
EndGlobal
